// !$*UTF8*$!
{
	archiveVersion = 1;
	classes = {
	};
	objectVersion = 48;
	objects = {

/* Begin PBXBuildFile section */
		DCECCD23216BD2D300C064A8 /* AppDelegate.swift in Sources */ = {isa = PBXBuildFile; fileRef = DCECCD22216BD2D300C064A8 /* AppDelegate.swift */; };
		DCECCD25216BD2D300C064A8 /* ViewController.swift in Sources */ = {isa = PBXBuildFile; fileRef = DCECCD24216BD2D300C064A8 /* ViewController.swift */; };
		DCECCD28216BD2D300C064A8 /* Main.storyboard in Resources */ = {isa = PBXBuildFile; fileRef = DCECCD26216BD2D300C064A8 /* Main.storyboard */; };
		DCECCD2A216BD2D300C064A8 /* Assets.xcassets in Resources */ = {isa = PBXBuildFile; fileRef = DCECCD29216BD2D300C064A8 /* Assets.xcassets */; };
		DCECCD2D216BD2D300C064A8 /* LaunchScreen.storyboard in Resources */ = {isa = PBXBuildFile; fileRef = DCECCD2B216BD2D300C064A8 /* LaunchScreen.storyboard */; };
/* End PBXBuildFile section */

/* Begin PBXFileReference section */
		DCECCD1F216BD2D300C064A8 /* FacebookLogin-Swift.app */ = {isa = PBXFileReference; explicitFileType = wrapper.application; includeInIndex = 0; path = "FacebookLogin-Swift.app"; sourceTree = BUILT_PRODUCTS_DIR; };
		DCECCD22216BD2D300C064A8 /* AppDelegate.swift */ = {isa = PBXFileReference; lastKnownFileType = sourcecode.swift; path = AppDelegate.swift; sourceTree = "<group>"; };
		DCECCD24216BD2D300C064A8 /* ViewController.swift */ = {isa = PBXFileReference; lastKnownFileType = sourcecode.swift; path = ViewController.swift; sourceTree = "<group>"; };
		DCECCD27216BD2D300C064A8 /* Base */ = {isa = PBXFileReference; lastKnownFileType = file.storyboard; name = Base; path = Base.lproj/Main.storyboard; sourceTree = "<group>"; };
		DCECCD29216BD2D300C064A8 /* Assets.xcassets */ = {isa = PBXFileReference; lastKnownFileType = folder.assetcatalog; path = Assets.xcassets; sourceTree = "<group>"; };
		DCECCD2C216BD2D300C064A8 /* Base */ = {isa = PBXFileReference; lastKnownFileType = file.storyboard; name = Base; path = Base.lproj/LaunchScreen.storyboard; sourceTree = "<group>"; };
		DCECCD2E216BD2D300C064A8 /* Info.plist */ = {isa = PBXFileReference; lastKnownFileType = text.plist.xml; path = Info.plist; sourceTree = "<group>"; };
/* End PBXFileReference section */

/* Begin PBXFrameworksBuildPhase section */
		DCECCD1C216BD2D300C064A8 /* Frameworks */ = {
			isa = PBXFrameworksBuildPhase;
			buildActionMask = 2147483647;
			files = (
			);
			runOnlyForDeploymentPostprocessing = 0;
		};
/* End PBXFrameworksBuildPhase section */

/* Begin PBXGroup section */
		DCECCD16216BD2D300C064A8 = {
			isa = PBXGroup;
			children = (
				DCECCD21216BD2D300C064A8 /* FacebookLogin-Swift */,
				DCECCD20216BD2D300C064A8 /* Products */,
			);
			sourceTree = "<group>";
		};
		DCECCD20216BD2D300C064A8 /* Products */ = {
			isa = PBXGroup;
			children = (
				DCECCD1F216BD2D300C064A8 /* FacebookLogin-Swift.app */,
			);
			name = Products;
			sourceTree = "<group>";
		};
		DCECCD21216BD2D300C064A8 /* FacebookLogin-Swift */ = {
			isa = PBXGroup;
			children = (
				DCECCD22216BD2D300C064A8 /* AppDelegate.swift */,
				DCECCD24216BD2D300C064A8 /* ViewController.swift */,
				DCECCD26216BD2D300C064A8 /* Main.storyboard */,
				DCECCD29216BD2D300C064A8 /* Assets.xcassets */,
				DCECCD2B216BD2D300C064A8 /* LaunchScreen.storyboard */,
				DCECCD2E216BD2D300C064A8 /* Info.plist */,
			);
			path = "FacebookLogin-Swift";
			sourceTree = "<group>";
		};
/* End PBXGroup section */

/* Begin PBXNativeTarget section */
		DCECCD1E216BD2D300C064A8 /* FacebookLogin-Swift */ = {
			isa = PBXNativeTarget;
			buildConfigurationList = DCECCD31216BD2D300C064A8 /* Build configuration list for PBXNativeTarget "FacebookLogin-Swift" */;
			buildPhases = (
				DCECCD1B216BD2D300C064A8 /* Sources */,
				DCECCD1C216BD2D300C064A8 /* Frameworks */,
				DCECCD1D216BD2D300C064A8 /* Resources */,
			);
			buildRules = (
			);
			dependencies = (
			);
			name = "FacebookLogin-Swift";
			productName = "FacebookLogin-Swift";
			productReference = DCECCD1F216BD2D300C064A8 /* FacebookLogin-Swift.app */;
			productType = "com.apple.product-type.application";
		};
/* End PBXNativeTarget section */

/* Begin PBXProject section */
		DCECCD17216BD2D300C064A8 /* Project object */ = {
			isa = PBXProject;
			attributes = {
				LastSwiftUpdateCheck = 0920;
				LastUpgradeCheck = 0920;
				ORGANIZATIONNAME = "Aman Aggarwal";
				TargetAttributes = {
					DCECCD1E216BD2D300C064A8 = {
						CreatedOnToolsVersion = 9.2;
						ProvisioningStyle = Automatic;
					};
				};
			};
			buildConfigurationList = DCECCD1A216BD2D300C064A8 /* Build configuration list for PBXProject "FacebookLogin-Swift" */;
			compatibilityVersion = "Xcode 8.0";
			developmentRegion = en;
			hasScannedForEncodings = 0;
			knownRegions = (
				en,
				Base,
			);
			mainGroup = DCECCD16216BD2D300C064A8;
			productRefGroup = DCECCD20216BD2D300C064A8 /* Products */;
			projectDirPath = "";
			projectRoot = "";
			targets = (
				DCECCD1E216BD2D300C064A8 /* FacebookLogin-Swift */,
			);
		};
/* End PBXProject section */

/* Begin PBXResourcesBuildPhase section */
		DCECCD1D216BD2D300C064A8 /* Resources */ = {
			isa = PBXResourcesBuildPhase;
			buildActionMask = 2147483647;
			files = (
				DCECCD2D216BD2D300C064A8 /* LaunchScreen.storyboard in Resources */,
				DCECCD2A216BD2D300C064A8 /* Assets.xcassets in Resources */,
				DCECCD28216BD2D300C064A8 /* Main.storyboard in Resources */,
			);
			runOnlyForDeploymentPostprocessing = 0;
		};
/* End PBXResourcesBuildPhase section */

/* Begin PBXSourcesBuildPhase section */
		DCECCD1B216BD2D300C064A8 /* Sources */ = {
			isa = PBXSourcesBuildPhase;
			buildActionMask = 2147483647;
			files = (
				DCECCD25216BD2D300C064A8 /* ViewController.swift in Sources */,
				DCECCD23216BD2D300C064A8 /* AppDelegate.swift in Sources */,
			);
			runOnlyForDeploymentPostprocessing = 0;
		};
/* End PBXSourcesBuildPhase section */

/* Begin PBXVariantGroup section */
		DCECCD26216BD2D300C064A8 /* Main.storyboard */ = {
			isa = PBXVariantGroup;
			children = (
				DCECCD27216BD2D300C064A8 /* Base */,
			);
			name = Main.storyboard;
			sourceTree = "<group>";
		};
		DCECCD2B216BD2D300C064A8 /* LaunchScreen.storyboard */ = {
			isa = PBXVariantGroup;
			children = (
				DCECCD2C216BD2D300C064A8 /* Base */,
			);
			name = LaunchScreen.storyboard;
			sourceTree = "<group>";
		};
/* End PBXVariantGroup section */

/* Begin XCBuildConfiguration section */
		DCECCD2F216BD2D300C064A8 /* Debug */ = {
			isa = XCBuildConfiguration;
			buildSettings = {
				ALWAYS_SEARCH_USER_PATHS = NO;
				CLANG_ANALYZER_NONNULL = YES;
				CLANG_ANALYZER_NUMBER_OBJECT_CONVERSION = YES_AGGRESSIVE;
				CLANG_CXX_LANGUAGE_STANDARD = "gnu++14";
				CLANG_CXX_LIBRARY = "libc++";
				CLANG_ENABLE_MODULES = YES;
				CLANG_ENABLE_OBJC_ARC = YES;
				CLANG_WARN_BLOCK_CAPTURE_AUTORELEASING = YES;
				CLANG_WARN_BOOL_CONVERSION = YES;
				CLANG_WARN_COMMA = YES;
				CLANG_WARN_CONSTANT_CONVERSION = YES;
				CLANG_WARN_DIRECT_OBJC_ISA_USAGE = YES_ERROR;
				CLANG_WARN_DOCUMENTATION_COMMENTS = YES;
				CLANG_WARN_EMPTY_BODY = YES;
				CLANG_WARN_ENUM_CONVERSION = YES;
				CLANG_WARN_INFINITE_RECURSION = YES;
				CLANG_WARN_INT_CONVERSION = YES;
				CLANG_WARN_NON_LITERAL_NULL_CONVERSION = YES;
				CLANG_WARN_OBJC_LITERAL_CONVERSION = YES;
				CLANG_WARN_OBJC_ROOT_CLASS = YES_ERROR;
				CLANG_WARN_RANGE_LOOP_ANALYSIS = YES;
				CLANG_WARN_STRICT_PROTOTYPES = YES;
				CLANG_WARN_SUSPICIOUS_MOVE = YES;
				CLANG_WARN_UNGUARDED_AVAILABILITY = YES_AGGRESSIVE;
				CLANG_WARN_UNREACHABLE_CODE = YES;
				CLANG_WARN__DUPLICATE_METHOD_MATCH = YES;
				CODE_SIGN_IDENTITY = "iPhone Developer";
				COPY_PHASE_STRIP = NO;
				DEBUG_INFORMATION_FORMAT = dwarf;
				ENABLE_STRICT_OBJC_MSGSEND = YES;
				ENABLE_TESTABILITY = YES;
				GCC_C_LANGUAGE_STANDARD = gnu11;
				GCC_DYNAMIC_NO_PIC = NO;
				GCC_NO_COMMON_BLOCKS = YES;
				GCC_OPTIMIZATION_LEVEL = 0;
				GCC_PREPROCESSOR_DEFINITIONS = (
					"DEBUG=1",
					"$(inherited)",
				);
				GCC_WARN_64_TO_32_BIT_CONVERSION = YES;
				GCC_WARN_ABOUT_RETURN_TYPE = YES_ERROR;
				GCC_WARN_UNDECLARED_SELECTOR = YES;
				GCC_WARN_UNINITIALIZED_AUTOS = YES_AGGRESSIVE;
				GCC_WARN_UNUSED_FUNCTION = YES;
				GCC_WARN_UNUSED_VARIABLE = YES;
				IPHONEOS_DEPLOYMENT_TARGET = 11.2;
				MTL_ENABLE_DEBUG_INFO = YES;
				ONLY_ACTIVE_ARCH = YES;
				SDKROOT = iphoneos;
				SWIFT_ACTIVE_COMPILATION_CONDITIONS = DEBUG;
				SWIFT_OPTIMIZATION_LEVEL = "-Onone";
			};
			name = Debug;
		};
		DCECCD30216BD2D300C064A8 /* Release */ = {
			isa = XCBuildConfiguration;
			buildSettings = {
				ALWAYS_SEARCH_USER_PATHS = NO;
				CLANG_ANALYZER_NONNULL = YES;
				CLANG_ANALYZER_NUMBER_OBJECT_CONVERSION = YES_AGGRESSIVE;
				CLANG_CXX_LANGUAGE_STANDARD = "gnu++14";
				CLANG_CXX_LIBRARY = "libc++";
				CLANG_ENABLE_MODULES = YES;
				CLANG_ENABLE_OBJC_ARC = YES;
				CLANG_WARN_BLOCK_CAPTURE_AUTORELEASING = YES;
				CLANG_WARN_BOOL_CONVERSION = YES;
				CLANG_WARN_COMMA = YES;
				CLANG_WARN_CONSTANT_CONVERSION = YES;
				CLANG_WARN_DIRECT_OBJC_ISA_USAGE = YES_ERROR;
				CLANG_WARN_DOCUMENTATION_COMMENTS = YES;
				CLANG_WARN_EMPTY_BODY = YES;
				CLANG_WARN_ENUM_CONVERSION = YES;
				CLANG_WARN_INFINITE_RECURSION = YES;
				CLANG_WARN_INT_CONVERSION = YES;
				CLANG_WARN_NON_LITERAL_NULL_CONVERSION = YES;
				CLANG_WARN_OBJC_LITERAL_CONVERSION = YES;
				CLANG_WARN_OBJC_ROOT_CLASS = YES_ERROR;
				CLANG_WARN_RANGE_LOOP_ANALYSIS = YES;
				CLANG_WARN_STRICT_PROTOTYPES = YES;
				CLANG_WARN_SUSPICIOUS_MOVE = YES;
				CLANG_WARN_UNGUARDED_AVAILABILITY = YES_AGGRESSIVE;
				CLANG_WARN_UNREACHABLE_CODE = YES;
				CLANG_WARN__DUPLICATE_METHOD_MATCH = YES;
				CODE_SIGN_IDENTITY = "iPhone Developer";
				COPY_PHASE_STRIP = NO;
				DEBUG_INFORMATION_FORMAT = "dwarf-with-dsym";
				ENABLE_NS_ASSERTIONS = NO;
				ENABLE_STRICT_OBJC_MSGSEND = YES;
				GCC_C_LANGUAGE_STANDARD = gnu11;
				GCC_NO_COMMON_BLOCKS = YES;
				GCC_WARN_64_TO_32_BIT_CONVERSION = YES;
				GCC_WARN_ABOUT_RETURN_TYPE = YES_ERROR;
				GCC_WARN_UNDECLARED_SELECTOR = YES;
				GCC_WARN_UNINITIALIZED_AUTOS = YES_AGGRESSIVE;
				GCC_WARN_UNUSED_FUNCTION = YES;
				GCC_WARN_UNUSED_VARIABLE = YES;
				IPHONEOS_DEPLOYMENT_TARGET = 11.2;
				MTL_ENABLE_DEBUG_INFO = NO;
				SDKROOT = iphoneos;
				SWIFT_OPTIMIZATION_LEVEL = "-Owholemodule";
				VALIDATE_PRODUCT = YES;
			};
			name = Release;
		};
		DCECCD32216BD2D300C064A8 /* Debug */ = {
			isa = XCBuildConfiguration;
			buildSettings = {
				ASSETCATALOG_COMPILER_APPICON_NAME = AppIcon;
				CODE_SIGN_STYLE = Automatic;
				INFOPLIST_FILE = "FacebookLogin-Swift/Info.plist";
				LD_RUNPATH_SEARCH_PATHS = "$(inherited) @executable_path/Frameworks";
				PRODUCT_BUNDLE_IDENTIFIER = "com.iostutorialjunction.FacebookLogin-Swift";
				PRODUCT_NAME = "$(TARGET_NAME)";
				SWIFT_VERSION = 4.0;
				TARGETED_DEVICE_FAMILY = "1,2";
			};
			name = Debug;
		};
		DCECCD33216BD2D300C064A8 /* Release */ = {
			isa = XCBuildConfiguration;
			buildSettings = {
				ASSETCATALOG_COMPILER_APPICON_NAME = AppIcon;
				CODE_SIGN_STYLE = Automatic;
				INFOPLIST_FILE = "FacebookLogin-Swift/Info.plist";
				LD_RUNPATH_SEARCH_PATHS = "$(inherited) @executable_path/Frameworks";
				PRODUCT_BUNDLE_IDENTIFIER = "com.iostutorialjunction.FacebookLogin-Swift";
				PRODUCT_NAME = "$(TARGET_NAME)";
				SWIFT_VERSION = 4.0;
				TARGETED_DEVICE_FAMILY = "1,2";
			};
			name = Release;
		};
/* End XCBuildConfiguration section */

/* Begin XCConfigurationList section */
		DCECCD1A216BD2D300C064A8 /* Build configuration list for PBXProject "FacebookLogin-Swift" */ = {
			isa = XCConfigurationList;
			buildConfigurations = (
				DCECCD2F216BD2D300C064A8 /* Debug */,
				DCECCD30216BD2D300C064A8 /* Release */,
			);
			defaultConfigurationIsVisible = 0;
			defaultConfigurationName = Release;
		};
		DCECCD31216BD2D300C064A8 /* Build configuration list for PBXNativeTarget "FacebookLogin-Swift" */ = {
			isa = XCConfigurationList;
			buildConfigurations = (
				DCECCD32216BD2D300C064A8 /* Debug */,
				DCECCD33216BD2D300C064A8 /* Release */,
			);
			defaultConfigurationIsVisible = 0;
			defaultConfigurationName = Release;
		};
/* End XCConfigurationList section */
	};
	rootObject = DCECCD17216BD2D300C064A8 /* Project object */;
}
